
Microsoft Visual Studio Solution File, Format Version 12.00
# Visual Studio Version 16
VisualStudioVersion = 16.0.28922.388
MinimumVisualStudioVersion = 10.0.40219.1
Project("{F2A71F9B-5D33-465A-A702-920D77279786}") = "BrownMethod", "BrownMethod\BrownMethod.fsproj", "{EFBD83CB-B928-4230-832E-CC80A4B9C743}"
EndProject
Global
	GlobalSection(SolutionConfigurationPlatforms) = preSolution
		Debug|Any CPU = Debug|Any CPU
		Release|Any CPU = Release|Any CPU
	EndGlobalSection
	GlobalSection(ProjectConfigurationPlatforms) = postSolution
		{EFBD83CB-B928-4230-832E-CC80A4B9C743}.Debug|Any CPU.ActiveCfg = Debug|Any CPU
		{EFBD83CB-B928-4230-832E-CC80A4B9C743}.Debug|Any CPU.Build.0 = Debug|Any CPU
		{EFBD83CB-B928-4230-832E-CC80A4B9C743}.Release|Any CPU.ActiveCfg = Release|Any CPU
		{EFBD83CB-B928-4230-832E-CC80A4B9C743}.Release|Any CPU.Build.0 = Release|Any CPU
	EndGlobalSection
	GlobalSection(SolutionProperties) = preSolution
		HideSolutionNode = FALSE
	EndGlobalSection
	GlobalSection(ExtensibilityGlobals) = postSolution
		SolutionGuid = {BE972CA0-C48E-466A-AD4B-EBA82ECE0EA8}
	EndGlobalSection
EndGlobal
